// !$*UTF8*$!
{
	archiveVersion = 1;
	classes = {
	};
	objectVersion = 56;
	objects = {

/* Begin PBXBuildFile section */
		A10000000000000000000001 /* AltimeterAviaApp.swift in Sources */ = {isa = PBXBuildFile; fileRef = A20000000000000000000001 /* AltimeterAviaApp.swift */; };
		A10000000000000000000002 /* ContentView.swift in Sources */ = {isa = PBXBuildFile; fileRef = A20000000000000000000002 /* ContentView.swift */; };
		A10000000000000000000003 /* BarometerManager.swift in Sources */ = {isa = PBXBuildFile; fileRef = A20000000000000000000003 /* BarometerManager.swift */; };
		A10000000000000000000004 /* AltimeterGaugeView.swift in Sources */ = {isa = PBXBuildFile; fileRef = A20000000000000000000004 /* AltimeterGaugeView.swift */; };
		A10000000000000000000005 /* VSIGaugeView.swift in Sources */ = {isa = PBXBuildFile; fileRef = A20000000000000000000005 /* VSIGaugeView.swift */; };
		A10000000000000000000006 /* Assets.xcassets in Resources */ = {isa = PBXBuildFile; fileRef = A20000000000000000000006 /* Assets.xcassets */; };
		A10000000000000000000007 /* LocationManager.swift in Sources */ = {isa = PBXBuildFile; fileRef = A20000000000000000000008 /* LocationManager.swift */; };
		A10000000000000000000008 /* GPSInfoView.swift in Sources */ = {isa = PBXBuildFile; fileRef = A20000000000000000000009 /* GPSInfoView.swift */; };
/* End PBXBuildFile section */

/* Begin PBXFileReference section */
		A20000000000000000000000 /* AltimeterAvia.app */ = {isa = PBXFileReference; explicitFileType = wrapper.application; includeInIndex = 0; path = AltimeterAvia.app; sourceTree = BUILT_PRODUCTS_DIR; };
		A20000000000000000000001 /* AltimeterAviaApp.swift */ = {isa = PBXFileReference; lastKnownFileType = sourcecode.swift; path = AltimeterAviaApp.swift; sourceTree = "<group>"; };
		A20000000000000000000002 /* ContentView.swift */ = {isa = PBXFileReference; lastKnownFileType = sourcecode.swift; path = ContentView.swift; sourceTree = "<group>"; };
		A20000000000000000000003 /* BarometerManager.swift */ = {isa = PBXFileReference; lastKnownFileType = sourcecode.swift; path = BarometerManager.swift; sourceTree = "<group>"; };
		A20000000000000000000004 /* AltimeterGaugeView.swift */ = {isa = PBXFileReference; lastKnownFileType = sourcecode.swift; path = AltimeterGaugeView.swift; sourceTree = "<group>"; };
		A20000000000000000000005 /* VSIGaugeView.swift */ = {isa = PBXFileReference; lastKnownFileType = sourcecode.swift; path = VSIGaugeView.swift; sourceTree = "<group>"; };
		A20000000000000000000006 /* Assets.xcassets */ = {isa = PBXFileReference; lastKnownFileType = folder.assetcatalog; path = Assets.xcassets; sourceTree = "<group>"; };
		A20000000000000000000007 /* Info.plist */ = {isa = PBXFileReference; lastKnownFileType = text.plist.xml; path = Info.plist; sourceTree = "<group>"; };
		A20000000000000000000008 /* LocationManager.swift */ = {isa = PBXFileReference; lastKnownFileType = sourcecode.swift; path = LocationManager.swift; sourceTree = "<group>"; };
		A20000000000000000000009 /* GPSInfoView.swift */ = {isa = PBXFileReference; lastKnownFileType = sourcecode.swift; path = GPSInfoView.swift; sourceTree = "<group>"; };
/* End PBXFileReference section */

/* Begin PBXFrameworksBuildPhase section */
		A30000000000000000000001 /* Frameworks */ = {
			isa = PBXFrameworksBuildPhase;
			buildActionMask = 2147483647;
			files = (
			);
			runOnlyForDeploymentPostprocessing = 0;
		};
/* End PBXFrameworksBuildPhase section */

/* Begin PBXGroup section */
		A40000000000000000000001 = {
			isa = PBXGroup;
			children = (
				A40000000000000000000002 /* AltimeterAvia */,
				A40000000000000000000003 /* Products */,
			);
			sourceTree = "<group>";
		};
		A40000000000000000000002 /* AltimeterAvia */ = {
			isa = PBXGroup;
			children = (
				A20000000000000000000001 /* AltimeterAviaApp.swift */,
				A20000000000000000000002 /* ContentView.swift */,
				A20000000000000000000003 /* BarometerManager.swift */,
				A20000000000000000000008 /* LocationManager.swift */,
				A40000000000000000000004 /* Views */,
				A20000000000000000000006 /* Assets.xcassets */,
				A20000000000000000000007 /* Info.plist */,
			);
			path = AltimeterAvia;
			sourceTree = "<group>";
		};
		A40000000000000000000003 /* Products */ = {
			isa = PBXGroup;
			children = (
				A20000000000000000000000 /* AltimeterAvia.app */,
			);
			name = Products;
			sourceTree = "<group>";
		};
		A40000000000000000000004 /* Views */ = {
			isa = PBXGroup;
			children = (
				A20000000000000000000004 /* AltimeterGaugeView.swift */,
				A20000000000000000000005 /* VSIGaugeView.swift */,
				A20000000000000000000009 /* GPSInfoView.swift */,
			);
			path = Views;
			sourceTree = "<group>";
		};
/* End PBXGroup section */

/* Begin PBXNativeTarget section */
		A50000000000000000000001 /* AltimeterAvia */ = {
			isa = PBXNativeTarget;
			buildConfigurationList = A60000000000000000000002 /* Build configuration list for PBXNativeTarget "AltimeterAvia" */;
			buildPhases = (
				A50000000000000000000002 /* Sources */,
				A30000000000000000000001 /* Frameworks */,
				A50000000000000000000003 /* Resources */,
			);
			buildRules = (
			);
			dependencies = (
			);
			name = AltimeterAvia;
			productName = AltimeterAvia;
			productReference = A20000000000000000000000 /* AltimeterAvia.app */;
			productType = "com.apple.product-type.application";
		};
/* End PBXNativeTarget section */

/* Begin PBXProject section */
		A70000000000000000000001 /* Project object */ = {
			isa = PBXProject;
			attributes = {
				BuildIndependentTargetsInParallel = 1;
				LastSwiftUpdateCheck = 1500;
				LastUpgradeCheck = 1500;
			};
			buildConfigurationList = A60000000000000000000001 /* Build configuration list for PBXProject "AltimeterAvia" */;
			compatibilityVersion = "Xcode 14.0";
			developmentRegion = en;
			hasScannedForEncodings = 0;
			knownRegions = (
				en,
				Base,
				ru,
			);
			mainGroup = A40000000000000000000001;
			productRefGroup = A40000000000000000000003 /* Products */;
			projectDirPath = "";
			projectRoot = "";
			targets = (
				A50000000000000000000001 /* AltimeterAvia */,
			);
		};
/* End PBXProject section */

/* Begin PBXResourcesBuildPhase section */
		A50000000000000000000003 /* Resources */ = {
			isa = PBXResourcesBuildPhase;
			buildActionMask = 2147483647;
			files = (
				A10000000000000000000006 /* Assets.xcassets in Resources */,
			);
			runOnlyForDeploymentPostprocessing = 0;
		};
/* End PBXResourcesBuildPhase section */

/* Begin PBXSourcesBuildPhase section */
		A50000000000000000000002 /* Sources */ = {
			isa = PBXSourcesBuildPhase;
			buildActionMask = 2147483647;
			files = (
				A10000000000000000000001 /* AltimeterAviaApp.swift in Sources */,
				A10000000000000000000002 /* ContentView.swift in Sources */,
				A10000000000000000000003 /* BarometerManager.swift in Sources */,
				A10000000000000000000004 /* AltimeterGaugeView.swift in Sources */,
				A10000000000000000000005 /* VSIGaugeView.swift in Sources */,
				A10000000000000000000007 /* LocationManager.swift in Sources */,
				A10000000000000000000008 /* GPSInfoView.swift in Sources */,
			);
			runOnlyForDeploymentPostprocessing = 0;
		};
/* End PBXSourcesBuildPhase section */

/* Begin XCBuildConfiguration section */
		A80000000000000000000001 /* Debug */ = {
			isa = XCBuildConfiguration;
			buildSettings = {
				ALWAYS_SEARCH_USER_PATHS = NO;
				ASSETCATALOG_COMPILER_GENERATE_SWIFT_ASSET_SYMBOL_EXTENSIONS = YES;
				CLANG_ANALYZER_NONNULL = YES;
				CLANG_ENABLE_MODULES = YES;
				CLANG_ENABLE_OBJC_ARC = YES;
				COPY_PHASE_STRIP = NO;
				DEBUG_INFORMATION_FORMAT = dwarf;
				ENABLE_STRICT_OBJC_MSGSEND = YES;
				ENABLE_TESTABILITY = YES;
				GCC_OPTIMIZATION_LEVEL = 0;
				GCC_PREPROCESSOR_DEFINITIONS = (
					"DEBUG=1",
					"$(inherited)",
				);
				IPHONEOS_DEPLOYMENT_TARGET = 15.0;
				MTL_ENABLE_DEBUG_INFO = INCLUDE_SOURCE;
				MTL_FAST_MATH = YES;
				ONLY_ACTIVE_ARCH = YES;
				SDKROOT = iphoneos;
				SWIFT_ACTIVE_COMPILATION_CONDITIONS = "DEBUG $(inherited)";
				SWIFT_OPTIMIZATION_LEVEL = "-Onone";
			};
			name = Debug;
		};
		A80000000000000000000002 /* Release */ = {
			isa = XCBuildConfiguration;
			buildSettings = {
				ALWAYS_SEARCH_USER_PATHS = NO;
				ASSETCATALOG_COMPILER_GENERATE_SWIFT_ASSET_SYMBOL_EXTENSIONS = YES;
				CLANG_ANALYZER_NONNULL = YES;
				CLANG_ENABLE_MODULES = YES;
				CLANG_ENABLE_OBJC_ARC = YES;
				COPY_PHASE_STRIP = NO;
				DEBUG_INFORMATION_FORMAT = "dwarf-with-dsym";
				ENABLE_NS_ASSERTIONS = NO;
				ENABLE_STRICT_OBJC_MSGSEND = YES;
				GCC_OPTIMIZATION_LEVEL = s;
				IPHONEOS_DEPLOYMENT_TARGET = 15.0;
				MTL_ENABLE_DEBUG_INFO = NO;
				MTL_FAST_MATH = YES;
				SDKROOT = iphoneos;
				SWIFT_COMPILATION_MODE = wholemodule;
				VALIDATE_PRODUCT = YES;
			};
			name = Release;
		};
		A80000000000000000000003 /* Debug */ = {
			isa = XCBuildConfiguration;
			buildSettings = {
				ASSETCATALOG_COMPILER_APPICON_NAME = AppIcon;
				ASSETCATALOG_COMPILER_GLOBAL_ACCENT_COLOR_NAME = AccentColor;
				CODE_SIGN_STYLE = Automatic;
				CURRENT_PROJECT_VERSION = 1;
				DEVELOPMENT_ASSET_PATHS = "";
				ENABLE_PREVIEWS = YES;
				GENERATE_INFOPLIST_FILE = YES;
				INFOPLIST_FILE = AltimeterAvia/Info.plist;
				INFOPLIST_KEY_UIApplicationSceneManifest_Generation = YES;
				INFOPLIST_KEY_UIApplicationSupportsIndirectInputEvents = YES;
				INFOPLIST_KEY_UILaunchScreen_Generation = YES;
				INFOPLIST_KEY_UISupportedInterfaceOrientations = "UIInterfaceOrientationPortrait UIInterfaceOrientationLandscapeLeft UIInterfaceOrientationLandscapeRight";
				LD_RUNPATH_SEARCH_PATHS = (
					"$(inherited)",
					"@executable_path/Frameworks",
				);
				MARKETING_VERSION = 1.0;
				PRODUCT_BUNDLE_IDENTIFIER = com.altimeteravia.app;
				PRODUCT_NAME = "$(TARGET_NAME)";
				SWIFT_EMIT_LOC_STRINGS = YES;
				SWIFT_VERSION = 5.0;
				TARGETED_DEVICE_FAMILY = "1,2";
			};
			name = Debug;
		};
		A80000000000000000000004 /* Release */ = {
			isa = XCBuildConfiguration;
			buildSettings = {
				ASSETCATALOG_COMPILER_APPICON_NAME = AppIcon;
				ASSETCATALOG_COMPILER_GLOBAL_ACCENT_COLOR_NAME = AccentColor;
				CODE_SIGN_STYLE = Automatic;
				CURRENT_PROJECT_VERSION = 1;
				DEVELOPMENT_ASSET_PATHS = "";
				ENABLE_PREVIEWS = YES;
				GENERATE_INFOPLIST_FILE = YES;
				INFOPLIST_FILE = AltimeterAvia/Info.plist;
				INFOPLIST_KEY_UIApplicationSceneManifest_Generation = YES;
				INFOPLIST_KEY_UIApplicationSupportsIndirectInputEvents = YES;
				INFOPLIST_KEY_UILaunchScreen_Generation = YES;
				INFOPLIST_KEY_UISupportedInterfaceOrientations = "UIInterfaceOrientationPortrait UIInterfaceOrientationLandscapeLeft UIInterfaceOrientationLandscapeRight";
				LD_RUNPATH_SEARCH_PATHS = (
					"$(inherited)",
					"@executable_path/Frameworks",
				);
				MARKETING_VERSION = 1.0;
				PRODUCT_BUNDLE_IDENTIFIER = com.altimeteravia.app;
				PRODUCT_NAME = "$(TARGET_NAME)";
				SWIFT_EMIT_LOC_STRINGS = YES;
				SWIFT_VERSION = 5.0;
				TARGETED_DEVICE_FAMILY = "1,2";
			};
			name = Release;
		};
/* End XCBuildConfiguration section */

/* Begin XCConfigurationList section */
		A60000000000000000000001 /* Build configuration list for PBXProject "AltimeterAvia" */ = {
			isa = XCConfigurationList;
			buildConfigurations = (
				A80000000000000000000001 /* Debug */,
				A80000000000000000000002 /* Release */,
			);
			defaultConfigurationIsVisible = 0;
			defaultConfigurationName = Release;
		};
		A60000000000000000000002 /* Build configuration list for PBXNativeTarget "AltimeterAvia" */ = {
			isa = XCConfigurationList;
			buildConfigurations = (
				A80000000000000000000003 /* Debug */,
				A80000000000000000000004 /* Release */,
			);
			defaultConfigurationIsVisible = 0;
			defaultConfigurationName = Release;
		};
/* End XCConfigurationList section */
	};
	rootObject = A70000000000000000000001 /* Project object */;
}
